
Microsoft Visual Studio Solution File, Format Version 12.00
# Visual Studio 15
VisualStudioVersion = 15.0.33026.149
MinimumVisualStudioVersion = 10.0.40219.1
Project("{FAE04EC0-301F-11D3-BF4B-00C04F79EFBC}") = "ESH-Desafio6.DomainModel", "ESH-Desafio6.DomainModel\ESH-Desafio6.DomainModel.csproj", "{0DF3E0B3-68F9-423A-9724-BB788E8C9C61}"
EndProject
Project("{FAE04EC0-301F-11D3-BF4B-00C04F79EFBC}") = "ESH-Desafio6.DataAccess", "ESH-Desafio6.DataAccess\ESH-Desafio6.DataAccess.csproj", "{36ED5F78-A5A7-4539-86F0-C6CADD6FCB73}"
EndProject
Project("{FAE04EC0-301F-11D3-BF4B-00C04F79EFBC}") = "ESH-Desafio6.ApplicationService", "ESH-Desafio6.ApplicationService\ESH-Desafio6.ApplicationService.csproj", "{7A897D89-D4E7-474B-ADEC-4AD2A7B0D5B9}"
EndProject
Project("{FAE04EC0-301F-11D3-BF4B-00C04F79EFBC}") = "ESH-Desafio6.AppWeb", "ESH-Desafio6.AppWeb\ESH-Desafio6.AppWeb.csproj", "{DF401D29-E4E2-4BA8-9D1D-4D8BB1FD44F1}"
EndProject
Project("{2150E333-8FDC-42A3-9474-1A3956D46DE8}") = "1-FrontEnd", "1-FrontEnd", "{0DE1405A-30DC-491D-A667-AD62B4769069}"
EndProject
Project("{2150E333-8FDC-42A3-9474-1A3956D46DE8}") = "1.0-AppWebMVC", "1.0-AppWebMVC", "{DD64E81F-B94A-4508-B965-B34C6F717D86}"
EndProject
Project("{2150E333-8FDC-42A3-9474-1A3956D46DE8}") = "2-BackEnd", "2-BackEnd", "{7FEC6C23-7EFC-488E-AF06-D947530EB6B7}"
EndProject
Project("{2150E333-8FDC-42A3-9474-1A3956D46DE8}") = "2.0-ApplicationService", "2.0-ApplicationService", "{F8402BB4-5DCA-4CA4-9726-58C6FDB4E46E}"
EndProject
Project("{2150E333-8FDC-42A3-9474-1A3956D46DE8}") = "2.1-DataAccess", "2.1-DataAccess", "{F2C2601B-6CF9-4645-A306-5C39E4D2D680}"
EndProject
Project("{2150E333-8FDC-42A3-9474-1A3956D46DE8}") = "2.3-DomainModel", "2.3-DomainModel", "{E82D8026-B07E-41E8-BC71-E330AF3801C8}"
EndProject
Global
	GlobalSection(SolutionConfigurationPlatforms) = preSolution
		Debug|Any CPU = Debug|Any CPU
		Release|Any CPU = Release|Any CPU
	EndGlobalSection
	GlobalSection(ProjectConfigurationPlatforms) = postSolution
		{0DF3E0B3-68F9-423A-9724-BB788E8C9C61}.Debug|Any CPU.ActiveCfg = Debug|Any CPU
		{0DF3E0B3-68F9-423A-9724-BB788E8C9C61}.Debug|Any CPU.Build.0 = Debug|Any CPU
		{0DF3E0B3-68F9-423A-9724-BB788E8C9C61}.Release|Any CPU.ActiveCfg = Release|Any CPU
		{0DF3E0B3-68F9-423A-9724-BB788E8C9C61}.Release|Any CPU.Build.0 = Release|Any CPU
		{36ED5F78-A5A7-4539-86F0-C6CADD6FCB73}.Debug|Any CPU.ActiveCfg = Debug|Any CPU
		{36ED5F78-A5A7-4539-86F0-C6CADD6FCB73}.Debug|Any CPU.Build.0 = Debug|Any CPU
		{36ED5F78-A5A7-4539-86F0-C6CADD6FCB73}.Release|Any CPU.ActiveCfg = Release|Any CPU
		{36ED5F78-A5A7-4539-86F0-C6CADD6FCB73}.Release|Any CPU.Build.0 = Release|Any CPU
		{7A897D89-D4E7-474B-ADEC-4AD2A7B0D5B9}.Debug|Any CPU.ActiveCfg = Debug|Any CPU
		{7A897D89-D4E7-474B-ADEC-4AD2A7B0D5B9}.Debug|Any CPU.Build.0 = Debug|Any CPU
		{7A897D89-D4E7-474B-ADEC-4AD2A7B0D5B9}.Release|Any CPU.ActiveCfg = Release|Any CPU
		{7A897D89-D4E7-474B-ADEC-4AD2A7B0D5B9}.Release|Any CPU.Build.0 = Release|Any CPU
		{DF401D29-E4E2-4BA8-9D1D-4D8BB1FD44F1}.Debug|Any CPU.ActiveCfg = Debug|Any CPU
		{DF401D29-E4E2-4BA8-9D1D-4D8BB1FD44F1}.Debug|Any CPU.Build.0 = Debug|Any CPU
		{DF401D29-E4E2-4BA8-9D1D-4D8BB1FD44F1}.Release|Any CPU.ActiveCfg = Release|Any CPU
		{DF401D29-E4E2-4BA8-9D1D-4D8BB1FD44F1}.Release|Any CPU.Build.0 = Release|Any CPU
	EndGlobalSection
	GlobalSection(SolutionProperties) = preSolution
		HideSolutionNode = FALSE
	EndGlobalSection
	GlobalSection(NestedProjects) = preSolution
		{0DF3E0B3-68F9-423A-9724-BB788E8C9C61} = {E82D8026-B07E-41E8-BC71-E330AF3801C8}
		{36ED5F78-A5A7-4539-86F0-C6CADD6FCB73} = {F2C2601B-6CF9-4645-A306-5C39E4D2D680}
		{7A897D89-D4E7-474B-ADEC-4AD2A7B0D5B9} = {F8402BB4-5DCA-4CA4-9726-58C6FDB4E46E}
		{DF401D29-E4E2-4BA8-9D1D-4D8BB1FD44F1} = {DD64E81F-B94A-4508-B965-B34C6F717D86}
		{DD64E81F-B94A-4508-B965-B34C6F717D86} = {0DE1405A-30DC-491D-A667-AD62B4769069}
		{F8402BB4-5DCA-4CA4-9726-58C6FDB4E46E} = {7FEC6C23-7EFC-488E-AF06-D947530EB6B7}
		{F2C2601B-6CF9-4645-A306-5C39E4D2D680} = {7FEC6C23-7EFC-488E-AF06-D947530EB6B7}
		{E82D8026-B07E-41E8-BC71-E330AF3801C8} = {7FEC6C23-7EFC-488E-AF06-D947530EB6B7}
	EndGlobalSection
	GlobalSection(ExtensibilityGlobals) = postSolution
		SolutionGuid = {9358FF7A-679F-45D6-BC8D-B0DCA7C7D159}
	EndGlobalSection
EndGlobal
